
Microsoft Visual Studio Solution File, Format Version 12.00
# Visual Studio Version 16
VisualStudioVersion = 16.0.32106.194
MinimumVisualStudioVersion = 10.0.40219.1
Project("{8BC9CEB8-8B4A-11D0-8D11-00A0C91BC942}") = "blogtest", "blogtest.vcxproj", "{7159D5D7-A360-4C9E-B6C5-23AAA2B0B82D}"
EndProject
Global
	GlobalSection(SolutionConfigurationPlatforms) = preSolution
		Debug|x64 = Debug|x64
		Debug|x86 = Debug|x86
		Release|x64 = Release|x64
		Release|x86 = Release|x86
	EndGlobalSection
	GlobalSection(ProjectConfigurationPlatforms) = postSolution
		{7159D5D7-A360-4C9E-B6C5-23AAA2B0B82D}.Debug|x64.ActiveCfg = Debug|x64
		{7159D5D7-A360-4C9E-B6C5-23AAA2B0B82D}.Debug|x64.Build.0 = Debug|x64
		{7159D5D7-A360-4C9E-B6C5-23AAA2B0B82D}.Debug|x86.ActiveCfg = Debug|Win32
		{7159D5D7-A360-4C9E-B6C5-23AAA2B0B82D}.Debug|x86.Build.0 = Debug|Win32
		{7159D5D7-A360-4C9E-B6C5-23AAA2B0B82D}.Release|x64.ActiveCfg = Release|x64
		{7159D5D7-A360-4C9E-B6C5-23AAA2B0B82D}.Release|x64.Build.0 = Release|x64
		{7159D5D7-A360-4C9E-B6C5-23AAA2B0B82D}.Release|x86.ActiveCfg = Release|Win32
		{7159D5D7-A360-4C9E-B6C5-23AAA2B0B82D}.Release|x86.Build.0 = Release|Win32
	EndGlobalSection
	GlobalSection(SolutionProperties) = preSolution
		HideSolutionNode = FALSE
	EndGlobalSection
	GlobalSection(ExtensibilityGlobals) = postSolution
		SolutionGuid = {A70AC882-3374-41E8-828B-EF4558BAE1E8}
	EndGlobalSection
EndGlobal
